
Microsoft Visual Studio Solution File, Format Version 12.00
# Visual Studio 15
VisualStudioVersion = 15.0.28307.438
MinimumVisualStudioVersion = 10.0.40219.1
Project("{FAE04EC0-301F-11D3-BF4B-00C04F79EFBC}") = "xm.Android", "xm\xm.Android\xm.Android.csproj", "{DC1E03ED-7302-4D7D-AF92-EDB36F6BF23D}"
EndProject
Project("{FAE04EC0-301F-11D3-BF4B-00C04F79EFBC}") = "xm", "xm\xm\xm.csproj", "{5B361F3A-F16A-455D-9C5D-92C8CD7C77F1}"
EndProject
Global
	GlobalSection(SolutionConfigurationPlatforms) = preSolution
		Debug|Any CPU = Debug|Any CPU
		Release|Any CPU = Release|Any CPU
	EndGlobalSection
	GlobalSection(ProjectConfigurationPlatforms) = postSolution
		{DC1E03ED-7302-4D7D-AF92-EDB36F6BF23D}.Debug|Any CPU.ActiveCfg = Debug|Any CPU
		{DC1E03ED-7302-4D7D-AF92-EDB36F6BF23D}.Debug|Any CPU.Build.0 = Debug|Any CPU
		{DC1E03ED-7302-4D7D-AF92-EDB36F6BF23D}.Debug|Any CPU.Deploy.0 = Debug|Any CPU
		{DC1E03ED-7302-4D7D-AF92-EDB36F6BF23D}.Release|Any CPU.ActiveCfg = Release|Any CPU
		{DC1E03ED-7302-4D7D-AF92-EDB36F6BF23D}.Release|Any CPU.Build.0 = Release|Any CPU
		{DC1E03ED-7302-4D7D-AF92-EDB36F6BF23D}.Release|Any CPU.Deploy.0 = Release|Any CPU
		{5B361F3A-F16A-455D-9C5D-92C8CD7C77F1}.Debug|Any CPU.ActiveCfg = Debug|Any CPU
		{5B361F3A-F16A-455D-9C5D-92C8CD7C77F1}.Debug|Any CPU.Build.0 = Debug|Any CPU
		{5B361F3A-F16A-455D-9C5D-92C8CD7C77F1}.Release|Any CPU.ActiveCfg = Release|Any CPU
		{5B361F3A-F16A-455D-9C5D-92C8CD7C77F1}.Release|Any CPU.Build.0 = Release|Any CPU
	EndGlobalSection
	GlobalSection(SolutionProperties) = preSolution
		HideSolutionNode = FALSE
	EndGlobalSection
	GlobalSection(ExtensibilityGlobals) = postSolution
		SolutionGuid = {735BDB52-A017-4DB4-9F78-5E28073AEB08}
	EndGlobalSection
EndGlobal
